// !$*UTF8*$!
{
	archiveVersion = 1;
	classes = {
	};
	objectVersion = 51;
	objects = {

/* Begin PBXBuildFile section */
		B137FD5DC8E543DBB3E9F07C /* Pods_TIL.framework in Frameworks */ = {isa = PBXBuildFile; fileRef = 6E99C53C50C8F4CE704D12A5 /* Pods_TIL.framework */; };
		BD184DC026DCE11500D85123 /* User.swift in Sources */ = {isa = PBXBuildFile; fileRef = BD184DBF26DCE11500D85123 /* User.swift */; };
		BD184DC326DCE19600D85123 /* SessionStore.swift in Sources */ = {isa = PBXBuildFile; fileRef = BD184DC226DCE19600D85123 /* SessionStore.swift */; };
		BD184DC526DD579200D85123 /* Bubble.swift in Sources */ = {isa = PBXBuildFile; fileRef = BD184DC426DD579200D85123 /* Bubble.swift */; };
		BD184DC726DD582700D85123 /* BubblesViewModel.swift in Sources */ = {isa = PBXBuildFile; fileRef = BD184DC626DD582700D85123 /* BubblesViewModel.swift */; };
		BD184DC926DD600F00D85123 /* SignInView.swift in Sources */ = {isa = PBXBuildFile; fileRef = BD184DC826DD600F00D85123 /* SignInView.swift */; };
		BD1A9FA826DB7E1800B9E403 /* SplashScreen.swift in Sources */ = {isa = PBXBuildFile; fileRef = BD1A9FA726DB7E1800B9E403 /* SplashScreen.swift */; };
		BD1A9FB226DB84B300B9E403 /* CustomColorInHex+extension.swift in Sources */ = {isa = PBXBuildFile; fileRef = BD1A9FB126DB84B300B9E403 /* CustomColorInHex+extension.swift */; };
		BD1A9FB426DB983F00B9E403 /* SplashBubblesView.swift in Sources */ = {isa = PBXBuildFile; fileRef = BD1A9FB326DB983F00B9E403 /* SplashBubblesView.swift */; };
		BD1A9FBA26DBABA500B9E403 /* AddTILBubbleView.swift in Sources */ = {isa = PBXBuildFile; fileRef = BD1A9FB926DBABA500B9E403 /* AddTILBubbleView.swift */; };
		BD1A9FBC26DBAC0700B9E403 /* CustomMultilineTextFieldView.swift in Sources */ = {isa = PBXBuildFile; fileRef = BD1A9FBB26DBAC0700B9E403 /* CustomMultilineTextFieldView.swift */; };
		BD1A9FBE26DBAE0100B9E403 /* VisualEffectView.swift in Sources */ = {isa = PBXBuildFile; fileRef = BD1A9FBD26DBAE0100B9E403 /* VisualEffectView.swift */; };
		BD1A9FC026DBBD4200B9E403 /* KeyResponder.swift in Sources */ = {isa = PBXBuildFile; fileRef = BD1A9FBF26DBBD4200B9E403 /* KeyResponder.swift */; };
		BD1A9FC626DBC75600B9E403 /* HeaderView.swift in Sources */ = {isa = PBXBuildFile; fileRef = BD1A9FC526DBC75600B9E403 /* HeaderView.swift */; };
		BD1A9FC826DBC87900B9E403 /* DimViewModifier.swift in Sources */ = {isa = PBXBuildFile; fileRef = BD1A9FC726DBC87900B9E403 /* DimViewModifier.swift */; };
		BD1A9FCC26DBCC0D00B9E403 /* BubbleView.swift in Sources */ = {isa = PBXBuildFile; fileRef = BD1A9FCB26DBCC0C00B9E403 /* BubbleView.swift */; };
		BD1A9FCE26DBE54B00B9E403 /* BubblesContentView.swift in Sources */ = {isa = PBXBuildFile; fileRef = BD1A9FCD26DBE54B00B9E403 /* BubblesContentView.swift */; };
		BD8DFDA226E7EA5500E1061E /* UsersViewModel.swift in Sources */ = {isa = PBXBuildFile; fileRef = BD8DFDA126E7EA5500E1061E /* UsersViewModel.swift */; };
		BD8DFDA426E7F88B00E1061E /* AppDelegate.swift in Sources */ = {isa = PBXBuildFile; fileRef = BD8DFDA326E7F88B00E1061E /* AppDelegate.swift */; };
		BD8DFDA726E7F8A700E1061E /* PushNotificationManager.swift in Sources */ = {isa = PBXBuildFile; fileRef = BD8DFDA526E7F8A600E1061E /* PushNotificationManager.swift */; };
		BD8DFDA826E7F8A700E1061E /* PushNotificationSender.swift in Sources */ = {isa = PBXBuildFile; fileRef = BD8DFDA626E7F8A700E1061E /* PushNotificationSender.swift */; };
		BD8DFDAA26E7F9AA00E1061E /* GoogleService-Info.plist in Resources */ = {isa = PBXBuildFile; fileRef = BD8DFDA926E7F9AA00E1061E /* GoogleService-Info.plist */; };
		BD92391E26DB7D52003A02EF /* TILApp.swift in Sources */ = {isa = PBXBuildFile; fileRef = BD92391D26DB7D52003A02EF /* TILApp.swift */; };
		BD92392026DB7D52003A02EF /* ContentView.swift in Sources */ = {isa = PBXBuildFile; fileRef = BD92391F26DB7D52003A02EF /* ContentView.swift */; };
		BD92392226DB7D53003A02EF /* Assets.xcassets in Resources */ = {isa = PBXBuildFile; fileRef = BD92392126DB7D53003A02EF /* Assets.xcassets */; };
		BD92392526DB7D53003A02EF /* Preview Assets.xcassets in Resources */ = {isa = PBXBuildFile; fileRef = BD92392426DB7D53003A02EF /* Preview Assets.xcassets */; };
		BDB3662E26E77C5D00A98D96 /* SignUpView.swift in Sources */ = {isa = PBXBuildFile; fileRef = BDB3662D26E77C5D00A98D96 /* SignUpView.swift */; };
		BDB3663026E7838700A98D96 /* HomeScreenView.swift in Sources */ = {isa = PBXBuildFile; fileRef = BDB3662F26E7838700A98D96 /* HomeScreenView.swift */; };
/* End PBXBuildFile section */

/* Begin PBXFileReference section */
		6E99C53C50C8F4CE704D12A5 /* Pods_TIL.framework */ = {isa = PBXFileReference; explicitFileType = wrapper.framework; includeInIndex = 0; path = Pods_TIL.framework; sourceTree = BUILT_PRODUCTS_DIR; };
		803AB92BBB370D96BFC346DF /* Pods-TIL.release.xcconfig */ = {isa = PBXFileReference; includeInIndex = 1; lastKnownFileType = text.xcconfig; name = "Pods-TIL.release.xcconfig"; path = "Target Support Files/Pods-TIL/Pods-TIL.release.xcconfig"; sourceTree = "<group>"; };
		BD184DBF26DCE11500D85123 /* User.swift */ = {isa = PBXFileReference; lastKnownFileType = sourcecode.swift; path = User.swift; sourceTree = "<group>"; };
		BD184DC226DCE19600D85123 /* SessionStore.swift */ = {isa = PBXFileReference; lastKnownFileType = sourcecode.swift; path = SessionStore.swift; sourceTree = "<group>"; };
		BD184DC426DD579200D85123 /* Bubble.swift */ = {isa = PBXFileReference; lastKnownFileType = sourcecode.swift; path = Bubble.swift; sourceTree = "<group>"; };
		BD184DC626DD582700D85123 /* BubblesViewModel.swift */ = {isa = PBXFileReference; lastKnownFileType = sourcecode.swift; path = BubblesViewModel.swift; sourceTree = "<group>"; };
		BD184DC826DD600F00D85123 /* SignInView.swift */ = {isa = PBXFileReference; lastKnownFileType = sourcecode.swift; path = SignInView.swift; sourceTree = "<group>"; };
		BD1A9FA726DB7E1800B9E403 /* SplashScreen.swift */ = {isa = PBXFileReference; lastKnownFileType = sourcecode.swift; path = SplashScreen.swift; sourceTree = "<group>"; };
		BD1A9FB126DB84B300B9E403 /* CustomColorInHex+extension.swift */ = {isa = PBXFileReference; fileEncoding = 4; lastKnownFileType = sourcecode.swift; path = "CustomColorInHex+extension.swift"; sourceTree = "<group>"; };
		BD1A9FB326DB983F00B9E403 /* SplashBubblesView.swift */ = {isa = PBXFileReference; lastKnownFileType = sourcecode.swift; path = SplashBubblesView.swift; sourceTree = "<group>"; };
		BD1A9FB926DBABA500B9E403 /* AddTILBubbleView.swift */ = {isa = PBXFileReference; lastKnownFileType = sourcecode.swift; path = AddTILBubbleView.swift; sourceTree = "<group>"; };
		BD1A9FBB26DBAC0700B9E403 /* CustomMultilineTextFieldView.swift */ = {isa = PBXFileReference; fileEncoding = 4; lastKnownFileType = sourcecode.swift; path = CustomMultilineTextFieldView.swift; sourceTree = "<group>"; };
		BD1A9FBD26DBAE0100B9E403 /* VisualEffectView.swift */ = {isa = PBXFileReference; fileEncoding = 4; lastKnownFileType = sourcecode.swift; path = VisualEffectView.swift; sourceTree = "<group>"; };
		BD1A9FBF26DBBD4200B9E403 /* KeyResponder.swift */ = {isa = PBXFileReference; fileEncoding = 4; lastKnownFileType = sourcecode.swift; path = KeyResponder.swift; sourceTree = "<group>"; };
		BD1A9FC526DBC75600B9E403 /* HeaderView.swift */ = {isa = PBXFileReference; lastKnownFileType = sourcecode.swift; path = HeaderView.swift; sourceTree = "<group>"; };
		BD1A9FC726DBC87900B9E403 /* DimViewModifier.swift */ = {isa = PBXFileReference; lastKnownFileType = sourcecode.swift; path = DimViewModifier.swift; sourceTree = "<group>"; };
		BD1A9FCB26DBCC0C00B9E403 /* BubbleView.swift */ = {isa = PBXFileReference; lastKnownFileType = sourcecode.swift; path = BubbleView.swift; sourceTree = "<group>"; };
		BD1A9FCD26DBE54B00B9E403 /* BubblesContentView.swift */ = {isa = PBXFileReference; lastKnownFileType = sourcecode.swift; path = BubblesContentView.swift; sourceTree = "<group>"; };
		BD8DFDA126E7EA5500E1061E /* UsersViewModel.swift */ = {isa = PBXFileReference; lastKnownFileType = sourcecode.swift; path = UsersViewModel.swift; sourceTree = "<group>"; };
		BD8DFDA326E7F88B00E1061E /* AppDelegate.swift */ = {isa = PBXFileReference; lastKnownFileType = sourcecode.swift; path = AppDelegate.swift; sourceTree = "<group>"; };
		BD8DFDA526E7F8A600E1061E /* PushNotificationManager.swift */ = {isa = PBXFileReference; fileEncoding = 4; lastKnownFileType = sourcecode.swift; path = PushNotificationManager.swift; sourceTree = "<group>"; };
		BD8DFDA626E7F8A700E1061E /* PushNotificationSender.swift */ = {isa = PBXFileReference; fileEncoding = 4; lastKnownFileType = sourcecode.swift; path = PushNotificationSender.swift; sourceTree = "<group>"; };
		BD8DFDA926E7F9AA00E1061E /* GoogleService-Info.plist */ = {isa = PBXFileReference; fileEncoding = 4; lastKnownFileType = text.plist.xml; path = "GoogleService-Info.plist"; sourceTree = "<group>"; };
		BD92391A26DB7D52003A02EF /* TIL.app */ = {isa = PBXFileReference; explicitFileType = wrapper.application; includeInIndex = 0; path = TIL.app; sourceTree = BUILT_PRODUCTS_DIR; };
		BD92391D26DB7D52003A02EF /* TILApp.swift */ = {isa = PBXFileReference; lastKnownFileType = sourcecode.swift; path = TILApp.swift; sourceTree = "<group>"; };
		BD92391F26DB7D52003A02EF /* ContentView.swift */ = {isa = PBXFileReference; lastKnownFileType = sourcecode.swift; path = ContentView.swift; sourceTree = "<group>"; };
		BD92392126DB7D53003A02EF /* Assets.xcassets */ = {isa = PBXFileReference; lastKnownFileType = folder.assetcatalog; path = Assets.xcassets; sourceTree = "<group>"; };
		BD92392426DB7D53003A02EF /* Preview Assets.xcassets */ = {isa = PBXFileReference; lastKnownFileType = folder.assetcatalog; path = "Preview Assets.xcassets"; sourceTree = "<group>"; };
		BD92392626DB7D53003A02EF /* Info.plist */ = {isa = PBXFileReference; lastKnownFileType = text.plist.xml; path = Info.plist; sourceTree = "<group>"; };
		BDB3662D26E77C5D00A98D96 /* SignUpView.swift */ = {isa = PBXFileReference; lastKnownFileType = sourcecode.swift; path = SignUpView.swift; sourceTree = "<group>"; };
		BDB3662F26E7838700A98D96 /* HomeScreenView.swift */ = {isa = PBXFileReference; lastKnownFileType = sourcecode.swift; path = HomeScreenView.swift; sourceTree = "<group>"; };
		F0319D9298D8044360E71F89 /* Pods-TIL.debug.xcconfig */ = {isa = PBXFileReference; includeInIndex = 1; lastKnownFileType = text.xcconfig; name = "Pods-TIL.debug.xcconfig"; path = "Target Support Files/Pods-TIL/Pods-TIL.debug.xcconfig"; sourceTree = "<group>"; };
/* End PBXFileReference section */

/* Begin PBXFrameworksBuildPhase section */
		BD92391726DB7D52003A02EF /* Frameworks */ = {
			isa = PBXFrameworksBuildPhase;
			buildActionMask = 2147483647;
			files = (
				B137FD5DC8E543DBB3E9F07C /* Pods_TIL.framework in Frameworks */,
			);
			runOnlyForDeploymentPostprocessing = 0;
		};
/* End PBXFrameworksBuildPhase section */

/* Begin PBXGroup section */
		004FF5D3334F79085047D67D /* Frameworks */ = {
			isa = PBXGroup;
			children = (
				6E99C53C50C8F4CE704D12A5 /* Pods_TIL.framework */,
			);
			name = Frameworks;
			sourceTree = "<group>";
		};
		46D73F82A7A033EC0023755A /* Pods */ = {
			isa = PBXGroup;
			children = (
				F0319D9298D8044360E71F89 /* Pods-TIL.debug.xcconfig */,
				803AB92BBB370D96BFC346DF /* Pods-TIL.release.xcconfig */,
			);
			path = Pods;
			sourceTree = "<group>";
		};
		BD184DC126DCE16700D85123 /* Models */ = {
			isa = PBXGroup;
			children = (
				BD184DBF26DCE11500D85123 /* User.swift */,
				BD184DC426DD579200D85123 /* Bubble.swift */,
			);
			path = Models;
			sourceTree = "<group>";
		};
		BD1A9FC126DBBFAA00B9E403 /* Views */ = {
			isa = PBXGroup;
			children = (
				BD92391F26DB7D52003A02EF /* ContentView.swift */,
				BDB3662F26E7838700A98D96 /* HomeScreenView.swift */,
				BD1A9FC526DBC75600B9E403 /* HeaderView.swift */,
				BD184DC826DD600F00D85123 /* SignInView.swift */,
				BDB3662D26E77C5D00A98D96 /* SignUpView.swift */,
				BD1A9FCB26DBCC0C00B9E403 /* BubbleView.swift */,
				BD1A9FCD26DBE54B00B9E403 /* BubblesContentView.swift */,
				BD1A9FB926DBABA500B9E403 /* AddTILBubbleView.swift */,
				BD1A9FC426DBC02500B9E403 /* SplashScreen */,
				BD1A9FC226DBBFC400B9E403 /* CustomViews */,
			);
			path = Views;
			sourceTree = "<group>";
		};
		BD1A9FC226DBBFC400B9E403 /* CustomViews */ = {
			isa = PBXGroup;
			children = (
				BD1A9FBB26DBAC0700B9E403 /* CustomMultilineTextFieldView.swift */,
				BD1A9FBD26DBAE0100B9E403 /* VisualEffectView.swift */,
			);
			path = CustomViews;
			sourceTree = "<group>";
		};
		BD1A9FC326DBBFE500B9E403 /* ViewModels */ = {
			isa = PBXGroup;
			children = (
				BD1A9FBF26DBBD4200B9E403 /* KeyResponder.swift */,
				BD184DC226DCE19600D85123 /* SessionStore.swift */,
				BD184DC626DD582700D85123 /* BubblesViewModel.swift */,
				BD8DFDA126E7EA5500E1061E /* UsersViewModel.swift */,
				BD8DFDA526E7F8A600E1061E /* PushNotificationManager.swift */,
				BD8DFDA626E7F8A700E1061E /* PushNotificationSender.swift */,
			);
			path = ViewModels;
			sourceTree = "<group>";
		};
		BD1A9FC426DBC02500B9E403 /* SplashScreen */ = {
			isa = PBXGroup;
			children = (
				BD1A9FA726DB7E1800B9E403 /* SplashScreen.swift */,
				BD1A9FB326DB983F00B9E403 /* SplashBubblesView.swift */,
			);
			path = SplashScreen;
			sourceTree = "<group>";
		};
		BD1A9FC926DBCAD100B9E403 /* CustomViewModifiers */ = {
			isa = PBXGroup;
			children = (
				BD1A9FC726DBC87900B9E403 /* DimViewModifier.swift */,
			);
			path = CustomViewModifiers;
			sourceTree = "<group>";
		};
		BD1A9FCA26DBCB0F00B9E403 /* Extensions */ = {
			isa = PBXGroup;
			children = (
				BD1A9FB126DB84B300B9E403 /* CustomColorInHex+extension.swift */,
			);
			path = Extensions;
			sourceTree = "<group>";
		};
		BD92391126DB7D52003A02EF = {
			isa = PBXGroup;
			children = (
				BD92391C26DB7D52003A02EF /* TIL */,
				BD92391B26DB7D52003A02EF /* Products */,
				46D73F82A7A033EC0023755A /* Pods */,
				004FF5D3334F79085047D67D /* Frameworks */,
			);
			sourceTree = "<group>";
		};
		BD92391B26DB7D52003A02EF /* Products */ = {
			isa = PBXGroup;
			children = (
				BD92391A26DB7D52003A02EF /* TIL.app */,
			);
			name = Products;
			sourceTree = "<group>";
		};
		BD92391C26DB7D52003A02EF /* TIL */ = {
			isa = PBXGroup;
			children = (
				BD92391D26DB7D52003A02EF /* TILApp.swift */,
				BD8DFDA326E7F88B00E1061E /* AppDelegate.swift */,
				BD184DC126DCE16700D85123 /* Models */,
				BD1A9FC326DBBFE500B9E403 /* ViewModels */,
				BD1A9FC126DBBFAA00B9E403 /* Views */,
				BD1A9FC926DBCAD100B9E403 /* CustomViewModifiers */,
				BD1A9FCA26DBCB0F00B9E403 /* Extensions */,
				BD92392126DB7D53003A02EF /* Assets.xcassets */,
				BD92392626DB7D53003A02EF /* Info.plist */,
				BD8DFDA926E7F9AA00E1061E /* GoogleService-Info.plist */,
				BD92392326DB7D53003A02EF /* Preview Content */,
			);
			path = TIL;
			sourceTree = "<group>";
		};
		BD92392326DB7D53003A02EF /* Preview Content */ = {
			isa = PBXGroup;
			children = (
				BD92392426DB7D53003A02EF /* Preview Assets.xcassets */,
			);
			path = "Preview Content";
			sourceTree = "<group>";
		};
/* End PBXGroup section */

/* Begin PBXNativeTarget section */
		BD92391926DB7D52003A02EF /* TIL */ = {
			isa = PBXNativeTarget;
			buildConfigurationList = BD92392926DB7D53003A02EF /* Build configuration list for PBXNativeTarget "TIL" */;
			buildPhases = (
				FA7B76868EC3892EDF449A11 /* [CP] Check Pods Manifest.lock */,
				BD92391626DB7D52003A02EF /* Sources */,
				BD92391726DB7D52003A02EF /* Frameworks */,
				BD92391826DB7D52003A02EF /* Resources */,
				7DCA012FDF24F3F2038CF157 /* [CP] Embed Pods Frameworks */,
			);
			buildRules = (
			);
			dependencies = (
			);
			name = TIL;
			productName = TIL;
			productReference = BD92391A26DB7D52003A02EF /* TIL.app */;
			productType = "com.apple.product-type.application";
		};
/* End PBXNativeTarget section */

/* Begin PBXProject section */
		BD92391226DB7D52003A02EF /* Project object */ = {
			isa = PBXProject;
			attributes = {
				LastSwiftUpdateCheck = 1250;
				LastUpgradeCheck = 1250;
				TargetAttributes = {
					BD92391926DB7D52003A02EF = {
						CreatedOnToolsVersion = 12.5.1;
					};
				};
			};
			buildConfigurationList = BD92391526DB7D52003A02EF /* Build configuration list for PBXProject "TIL" */;
			compatibilityVersion = "Xcode 9.3";
			developmentRegion = en;
			hasScannedForEncodings = 0;
			knownRegions = (
				en,
				Base,
			);
			mainGroup = BD92391126DB7D52003A02EF;
			productRefGroup = BD92391B26DB7D52003A02EF /* Products */;
			projectDirPath = "";
			projectRoot = "";
			targets = (
				BD92391926DB7D52003A02EF /* TIL */,
			);
		};
/* End PBXProject section */

/* Begin PBXResourcesBuildPhase section */
		BD92391826DB7D52003A02EF /* Resources */ = {
			isa = PBXResourcesBuildPhase;
			buildActionMask = 2147483647;
			files = (
				BD92392526DB7D53003A02EF /* Preview Assets.xcassets in Resources */,
				BD92392226DB7D53003A02EF /* Assets.xcassets in Resources */,
				BD8DFDAA26E7F9AA00E1061E /* GoogleService-Info.plist in Resources */,
			);
			runOnlyForDeploymentPostprocessing = 0;
		};
/* End PBXResourcesBuildPhase section */

/* Begin PBXShellScriptBuildPhase section */
		7DCA012FDF24F3F2038CF157 /* [CP] Embed Pods Frameworks */ = {
			isa = PBXShellScriptBuildPhase;
			buildActionMask = 2147483647;
			files = (
			);
			inputFileListPaths = (
				"${PODS_ROOT}/Target Support Files/Pods-TIL/Pods-TIL-frameworks-${CONFIGURATION}-input-files.xcfilelist",
			);
			name = "[CP] Embed Pods Frameworks";
			outputFileListPaths = (
				"${PODS_ROOT}/Target Support Files/Pods-TIL/Pods-TIL-frameworks-${CONFIGURATION}-output-files.xcfilelist",
			);
			runOnlyForDeploymentPostprocessing = 0;
			shellPath = /bin/sh;
			shellScript = "\"${PODS_ROOT}/Target Support Files/Pods-TIL/Pods-TIL-frameworks.sh\"\n";
			showEnvVarsInLog = 0;
		};
		FA7B76868EC3892EDF449A11 /* [CP] Check Pods Manifest.lock */ = {
			isa = PBXShellScriptBuildPhase;
			buildActionMask = 2147483647;
			files = (
			);
			inputFileListPaths = (
			);
			inputPaths = (
				"${PODS_PODFILE_DIR_PATH}/Podfile.lock",
				"${PODS_ROOT}/Manifest.lock",
			);
			name = "[CP] Check Pods Manifest.lock";
			outputFileListPaths = (
			);
			outputPaths = (
				"$(DERIVED_FILE_DIR)/Pods-TIL-checkManifestLockResult.txt",
			);
			runOnlyForDeploymentPostprocessing = 0;
			shellPath = /bin/sh;
			shellScript = "diff \"${PODS_PODFILE_DIR_PATH}/Podfile.lock\" \"${PODS_ROOT}/Manifest.lock\" > /dev/null\nif [ $? != 0 ] ; then\n    # print error to STDERR\n    echo \"error: The sandbox is not in sync with the Podfile.lock. Run 'pod install' or update your CocoaPods installation.\" >&2\n    exit 1\nfi\n# This output is used by Xcode 'outputs' to avoid re-running this script phase.\necho \"SUCCESS\" > \"${SCRIPT_OUTPUT_FILE_0}\"\n";
			showEnvVarsInLog = 0;
		};
/* End PBXShellScriptBuildPhase section */

/* Begin PBXSourcesBuildPhase section */
		BD92391626DB7D52003A02EF /* Sources */ = {
			isa = PBXSourcesBuildPhase;
			buildActionMask = 2147483647;
			files = (
				BD8DFDA726E7F8A700E1061E /* PushNotificationManager.swift in Sources */,
				BD8DFDA426E7F88B00E1061E /* AppDelegate.swift in Sources */,
				BD1A9FBA26DBABA500B9E403 /* AddTILBubbleView.swift in Sources */,
				BD8DFDA226E7EA5500E1061E /* UsersViewModel.swift in Sources */,
				BD1A9FC826DBC87900B9E403 /* DimViewModifier.swift in Sources */,
				BD1A9FBC26DBAC0700B9E403 /* CustomMultilineTextFieldView.swift in Sources */,
				BD1A9FA826DB7E1800B9E403 /* SplashScreen.swift in Sources */,
				BD8DFDA826E7F8A700E1061E /* PushNotificationSender.swift in Sources */,
				BD1A9FC626DBC75600B9E403 /* HeaderView.swift in Sources */,
				BD1A9FC026DBBD4200B9E403 /* KeyResponder.swift in Sources */,
				BD1A9FCC26DBCC0D00B9E403 /* BubbleView.swift in Sources */,
				BDB3663026E7838700A98D96 /* HomeScreenView.swift in Sources */,
				BD92392026DB7D52003A02EF /* ContentView.swift in Sources */,
				BD184DC726DD582700D85123 /* BubblesViewModel.swift in Sources */,
				BD184DC526DD579200D85123 /* Bubble.swift in Sources */,
				BD184DC926DD600F00D85123 /* SignInView.swift in Sources */,
				BD184DC026DCE11500D85123 /* User.swift in Sources */,
				BD1A9FB226DB84B300B9E403 /* CustomColorInHex+extension.swift in Sources */,
				BD1A9FBE26DBAE0100B9E403 /* VisualEffectView.swift in Sources */,
				BDB3662E26E77C5D00A98D96 /* SignUpView.swift in Sources */,
				BD92391E26DB7D52003A02EF /* TILApp.swift in Sources */,
				BD1A9FCE26DBE54B00B9E403 /* BubblesContentView.swift in Sources */,
				BD184DC326DCE19600D85123 /* SessionStore.swift in Sources */,
				BD1A9FB426DB983F00B9E403 /* SplashBubblesView.swift in Sources */,
			);
			runOnlyForDeploymentPostprocessing = 0;
		};
/* End PBXSourcesBuildPhase section */

/* Begin XCBuildConfiguration section */
		BD92392726DB7D53003A02EF /* Debug */ = {
			isa = XCBuildConfiguration;
			buildSettings = {
				ALWAYS_SEARCH_USER_PATHS = NO;
				CLANG_ANALYZER_NONNULL = YES;
				CLANG_ANALYZER_NUMBER_OBJECT_CONVERSION = YES_AGGRESSIVE;
				CLANG_CXX_LANGUAGE_STANDARD = "gnu++14";
				CLANG_CXX_LIBRARY = "libc++";
				CLANG_ENABLE_MODULES = YES;
				CLANG_ENABLE_OBJC_ARC = YES;
				CLANG_ENABLE_OBJC_WEAK = YES;
				CLANG_WARN_BLOCK_CAPTURE_AUTORELEASING = YES;
				CLANG_WARN_BOOL_CONVERSION = YES;
				CLANG_WARN_COMMA = YES;
				CLANG_WARN_CONSTANT_CONVERSION = YES;
				CLANG_WARN_DEPRECATED_OBJC_IMPLEMENTATIONS = YES;
				CLANG_WARN_DIRECT_OBJC_ISA_USAGE = YES_ERROR;
				CLANG_WARN_DOCUMENTATION_COMMENTS = YES;
				CLANG_WARN_EMPTY_BODY = YES;
				CLANG_WARN_ENUM_CONVERSION = YES;
				CLANG_WARN_INFINITE_RECURSION = YES;
				CLANG_WARN_INT_CONVERSION = YES;
				CLANG_WARN_NON_LITERAL_NULL_CONVERSION = YES;
				CLANG_WARN_OBJC_IMPLICIT_RETAIN_SELF = YES;
				CLANG_WARN_OBJC_LITERAL_CONVERSION = YES;
				CLANG_WARN_OBJC_ROOT_CLASS = YES_ERROR;
				CLANG_WARN_QUOTED_INCLUDE_IN_FRAMEWORK_HEADER = YES;
				CLANG_WARN_RANGE_LOOP_ANALYSIS = YES;
				CLANG_WARN_STRICT_PROTOTYPES = YES;
				CLANG_WARN_SUSPICIOUS_MOVE = YES;
				CLANG_WARN_UNGUARDED_AVAILABILITY = YES_AGGRESSIVE;
				CLANG_WARN_UNREACHABLE_CODE = YES;
				CLANG_WARN__DUPLICATE_METHOD_MATCH = YES;
				COPY_PHASE_STRIP = NO;
				DEBUG_INFORMATION_FORMAT = dwarf;
				ENABLE_STRICT_OBJC_MSGSEND = YES;
				ENABLE_TESTABILITY = YES;
				GCC_C_LANGUAGE_STANDARD = gnu11;
				GCC_DYNAMIC_NO_PIC = NO;
				GCC_NO_COMMON_BLOCKS = YES;
				GCC_OPTIMIZATION_LEVEL = 0;
				GCC_PREPROCESSOR_DEFINITIONS = (
					"DEBUG=1",
					"$(inherited)",
				);
				GCC_WARN_64_TO_32_BIT_CONVERSION = YES;
				GCC_WARN_ABOUT_RETURN_TYPE = YES_ERROR;
				GCC_WARN_UNDECLARED_SELECTOR = YES;
				GCC_WARN_UNINITIALIZED_AUTOS = YES_AGGRESSIVE;
				GCC_WARN_UNUSED_FUNCTION = YES;
				GCC_WARN_UNUSED_VARIABLE = YES;
				IPHONEOS_DEPLOYMENT_TARGET = 14.0;
				MTL_ENABLE_DEBUG_INFO = INCLUDE_SOURCE;
				MTL_FAST_MATH = YES;
				ONLY_ACTIVE_ARCH = YES;
				SDKROOT = iphoneos;
				SWIFT_ACTIVE_COMPILATION_CONDITIONS = DEBUG;
				SWIFT_OPTIMIZATION_LEVEL = "-Onone";
			};
			name = Debug;
		};
		BD92392826DB7D53003A02EF /* Release */ = {
			isa = XCBuildConfiguration;
			buildSettings = {
				ALWAYS_SEARCH_USER_PATHS = NO;
				CLANG_ANALYZER_NONNULL = YES;
				CLANG_ANALYZER_NUMBER_OBJECT_CONVERSION = YES_AGGRESSIVE;
				CLANG_CXX_LANGUAGE_STANDARD = "gnu++14";
				CLANG_CXX_LIBRARY = "libc++";
				CLANG_ENABLE_MODULES = YES;
				CLANG_ENABLE_OBJC_ARC = YES;
				CLANG_ENABLE_OBJC_WEAK = YES;
				CLANG_WARN_BLOCK_CAPTURE_AUTORELEASING = YES;
				CLANG_WARN_BOOL_CONVERSION = YES;
				CLANG_WARN_COMMA = YES;
				CLANG_WARN_CONSTANT_CONVERSION = YES;
				CLANG_WARN_DEPRECATED_OBJC_IMPLEMENTATIONS = YES;
				CLANG_WARN_DIRECT_OBJC_ISA_USAGE = YES_ERROR;
				CLANG_WARN_DOCUMENTATION_COMMENTS = YES;
				CLANG_WARN_EMPTY_BODY = YES;
				CLANG_WARN_ENUM_CONVERSION = YES;
				CLANG_WARN_INFINITE_RECURSION = YES;
				CLANG_WARN_INT_CONVERSION = YES;
				CLANG_WARN_NON_LITERAL_NULL_CONVERSION = YES;
				CLANG_WARN_OBJC_IMPLICIT_RETAIN_SELF = YES;
				CLANG_WARN_OBJC_LITERAL_CONVERSION = YES;
				CLANG_WARN_OBJC_ROOT_CLASS = YES_ERROR;
				CLANG_WARN_QUOTED_INCLUDE_IN_FRAMEWORK_HEADER = YES;
				CLANG_WARN_RANGE_LOOP_ANALYSIS = YES;
				CLANG_WARN_STRICT_PROTOTYPES = YES;
				CLANG_WARN_SUSPICIOUS_MOVE = YES;
				CLANG_WARN_UNGUARDED_AVAILABILITY = YES_AGGRESSIVE;
				CLANG_WARN_UNREACHABLE_CODE = YES;
				CLANG_WARN__DUPLICATE_METHOD_MATCH = YES;
				COPY_PHASE_STRIP = NO;
				DEBUG_INFORMATION_FORMAT = "dwarf-with-dsym";
				ENABLE_NS_ASSERTIONS = NO;
				ENABLE_STRICT_OBJC_MSGSEND = YES;
				GCC_C_LANGUAGE_STANDARD = gnu11;
				GCC_NO_COMMON_BLOCKS = YES;
				GCC_WARN_64_TO_32_BIT_CONVERSION = YES;
				GCC_WARN_ABOUT_RETURN_TYPE = YES_ERROR;
				GCC_WARN_UNDECLARED_SELECTOR = YES;
				GCC_WARN_UNINITIALIZED_AUTOS = YES_AGGRESSIVE;
				GCC_WARN_UNUSED_FUNCTION = YES;
				GCC_WARN_UNUSED_VARIABLE = YES;
				IPHONEOS_DEPLOYMENT_TARGET = 14.0;
				MTL_ENABLE_DEBUG_INFO = NO;
				MTL_FAST_MATH = YES;
				SDKROOT = iphoneos;
				SWIFT_COMPILATION_MODE = wholemodule;
				SWIFT_OPTIMIZATION_LEVEL = "-O";
				VALIDATE_PRODUCT = YES;
			};
			name = Release;
		};
		BD92392A26DB7D53003A02EF /* Debug */ = {
			isa = XCBuildConfiguration;
			baseConfigurationReference = F0319D9298D8044360E71F89 /* Pods-TIL.debug.xcconfig */;
			buildSettings = {
				ASSETCATALOG_COMPILER_APPICON_NAME = AppIcon;
				ASSETCATALOG_COMPILER_GLOBAL_ACCENT_COLOR_NAME = AccentColor;
				CODE_SIGN_STYLE = Automatic;
				DEVELOPMENT_ASSET_PATHS = "\"TIL/Preview Content\"";
				DEVELOPMENT_TEAM = 82VLD4N55H;
				ENABLE_PREVIEWS = YES;
				INFOPLIST_FILE = TIL/Info.plist;
				IPHONEOS_DEPLOYMENT_TARGET = 14.0;
				LD_RUNPATH_SEARCH_PATHS = (
					"$(inherited)",
					"@executable_path/Frameworks",
				);
				PRODUCT_BUNDLE_IDENTIFIER = com.TodayILearned.TIL;
				PRODUCT_NAME = "$(TARGET_NAME)";
				SWIFT_VERSION = 5.0;
				TARGETED_DEVICE_FAMILY = "1,2";
			};
			name = Debug;
		};
		BD92392B26DB7D53003A02EF /* Release */ = {
			isa = XCBuildConfiguration;
			baseConfigurationReference = 803AB92BBB370D96BFC346DF /* Pods-TIL.release.xcconfig */;
			buildSettings = {
				ASSETCATALOG_COMPILER_APPICON_NAME = AppIcon;
				ASSETCATALOG_COMPILER_GLOBAL_ACCENT_COLOR_NAME = AccentColor;
				CODE_SIGN_STYLE = Automatic;
				DEVELOPMENT_ASSET_PATHS = "\"TIL/Preview Content\"";
				DEVELOPMENT_TEAM = 82VLD4N55H;
				ENABLE_PREVIEWS = YES;
				INFOPLIST_FILE = TIL/Info.plist;
				IPHONEOS_DEPLOYMENT_TARGET = 14.0;
				LD_RUNPATH_SEARCH_PATHS = (
					"$(inherited)",
					"@executable_path/Frameworks",
				);
				PRODUCT_BUNDLE_IDENTIFIER = com.TodayILearned.TIL;
				PRODUCT_NAME = "$(TARGET_NAME)";
				SWIFT_VERSION = 5.0;
				TARGETED_DEVICE_FAMILY = "1,2";
			};
			name = Release;
		};
/* End XCBuildConfiguration section */

/* Begin XCConfigurationList section */
		BD92391526DB7D52003A02EF /* Build configuration list for PBXProject "TIL" */ = {
			isa = XCConfigurationList;
			buildConfigurations = (
				BD92392726DB7D53003A02EF /* Debug */,
				BD92392826DB7D53003A02EF /* Release */,
			);
			defaultConfigurationIsVisible = 0;
			defaultConfigurationName = Release;
		};
		BD92392926DB7D53003A02EF /* Build configuration list for PBXNativeTarget "TIL" */ = {
			isa = XCConfigurationList;
			buildConfigurations = (
				BD92392A26DB7D53003A02EF /* Debug */,
				BD92392B26DB7D53003A02EF /* Release */,
			);
			defaultConfigurationIsVisible = 0;
			defaultConfigurationName = Release;
		};
/* End XCConfigurationList section */
	};
	rootObject = BD92391226DB7D52003A02EF /* Project object */;
}
